
Microsoft Visual Studio Solution File, Format Version 12.00
# Visual Studio Version 16
VisualStudioVersion = 16.0.30011.22
MinimumVisualStudioVersion = 10.0.40219.1
Project("{2150E333-8FDC-42A3-9474-1A3956D46DE8}") = "src", "src", "{80EFF5FA-B2B7-4FEC-A367-6CFE9CC523B2}"
EndProject
Project("{2150E333-8FDC-42A3-9474-1A3956D46DE8}") = "Catalog", "Catalog", "{B8D1ABA0-065B-4E6E-A41B-446B42E13FAE}"
EndProject
Project("{9A19103F-16F7-4668-BE54-9A1E7A4F7556}") = "Catalog.API", "src\Catalog\Catalog.API\Catalog.API.csproj", "{780A21DB-C5DB-4587-A338-431AE45B2850}"
EndProject
Project("{E53339B2-1760-4266-BCC7-CA923CBCF16C}") = "docker-compose", "docker-compose.dcproj", "{B206115E-5105-4E82-8842-F5331F5A312F}"
EndProject
Project("{2150E333-8FDC-42A3-9474-1A3956D46DE8}") = "Basket", "Basket", "{F3C5E7E0-534E-4938-87B7-2C8F86DF4B12}"
EndProject
Project("{9A19103F-16F7-4668-BE54-9A1E7A4F7556}") = "Basket.API", "src\Basket\Basket.API\Basket.API.csproj", "{747E1947-6D7B-4FE9-9FF1-CBE91608223E}"
EndProject
Project("{2150E333-8FDC-42A3-9474-1A3956D46DE8}") = "Common", "Common", "{043F30D4-3888-47B0-AE8C-F94C3152A787}"
EndProject
Project("{9A19103F-16F7-4668-BE54-9A1E7A4F7556}") = "EventBusRabbitMQ", "src\Common\EventBusRabbitMQ\EventBusRabbitMQ.csproj", "{48F0C604-150C-4CEF-A86B-679EDA0EEA8F}"
EndProject
Project("{2150E333-8FDC-42A3-9474-1A3956D46DE8}") = "Ordering", "Ordering", "{B7B3361D-0817-42A5-B1BC-1A2C42A0A355}"
EndProject
Project("{9A19103F-16F7-4668-BE54-9A1E7A4F7556}") = "Ordering.API", "src\Ordering\Ordering.API\Ordering.API.csproj", "{1E77E2FE-0949-453E-8366-1B9150968893}"
EndProject
Project("{9A19103F-16F7-4668-BE54-9A1E7A4F7556}") = "Ordering.Core", "src\Ordering\Ordering.Core\Ordering.Core.csproj", "{1DAC7CA0-7F91-42DA-B319-BA475605ADED}"
EndProject
Project("{9A19103F-16F7-4668-BE54-9A1E7A4F7556}") = "Ordering.Infrastructure", "src\Ordering\Ordering.Infrastructure\Ordering.Infrastructure.csproj", "{9CF56A2B-8449-48E7-97F9-9BA7EFAFFE2F}"
EndProject
Project("{9A19103F-16F7-4668-BE54-9A1E7A4F7556}") = "Ordering.Application", "src\Ordering\Ordering.Application\Ordering.Application.csproj", "{CF7E402F-818A-4D92-A788-1A8532B36A45}"
EndProject
Project("{2150E333-8FDC-42A3-9474-1A3956D46DE8}") = "ApiGateway", "ApiGateway", "{2FE4CB74-AB6F-40C9-BA67-E419B8BD77EF}"
EndProject
Project("{9A19103F-16F7-4668-BE54-9A1E7A4F7556}") = "OcelotAPIGateway", "src\ApiGateway\OcelotAPIGateway\OcelotAPIGateway.csproj", "{8422B0BB-2EF4-4E85-B99D-46E54B130C33}"
EndProject
Project("{2150E333-8FDC-42A3-9474-1A3956D46DE8}") = "WebApp", "WebApp", "{1ACF0C89-14DC-42C4-BA1D-534248436C67}"
EndProject
Project("{9A19103F-16F7-4668-BE54-9A1E7A4F7556}") = "AspnetRunBasics", "src\WebApp\AspnetRunBasics\AspnetRunBasics.csproj", "{AFF62452-00AE-49E6-8F7C-C2DE7F7F2E47}"
EndProject
Global
	GlobalSection(SolutionConfigurationPlatforms) = preSolution
		Debug|Any CPU = Debug|Any CPU
		Release|Any CPU = Release|Any CPU
	EndGlobalSection
	GlobalSection(ProjectConfigurationPlatforms) = postSolution
		{780A21DB-C5DB-4587-A338-431AE45B2850}.Debug|Any CPU.ActiveCfg = Debug|Any CPU
		{780A21DB-C5DB-4587-A338-431AE45B2850}.Debug|Any CPU.Build.0 = Debug|Any CPU
		{780A21DB-C5DB-4587-A338-431AE45B2850}.Release|Any CPU.ActiveCfg = Release|Any CPU
		{780A21DB-C5DB-4587-A338-431AE45B2850}.Release|Any CPU.Build.0 = Release|Any CPU
		{B206115E-5105-4E82-8842-F5331F5A312F}.Debug|Any CPU.ActiveCfg = Debug|Any CPU
		{B206115E-5105-4E82-8842-F5331F5A312F}.Debug|Any CPU.Build.0 = Debug|Any CPU
		{B206115E-5105-4E82-8842-F5331F5A312F}.Release|Any CPU.ActiveCfg = Release|Any CPU
		{B206115E-5105-4E82-8842-F5331F5A312F}.Release|Any CPU.Build.0 = Release|Any CPU
		{747E1947-6D7B-4FE9-9FF1-CBE91608223E}.Debug|Any CPU.ActiveCfg = Debug|Any CPU
		{747E1947-6D7B-4FE9-9FF1-CBE91608223E}.Debug|Any CPU.Build.0 = Debug|Any CPU
		{747E1947-6D7B-4FE9-9FF1-CBE91608223E}.Release|Any CPU.ActiveCfg = Release|Any CPU
		{747E1947-6D7B-4FE9-9FF1-CBE91608223E}.Release|Any CPU.Build.0 = Release|Any CPU
		{48F0C604-150C-4CEF-A86B-679EDA0EEA8F}.Debug|Any CPU.ActiveCfg = Debug|Any CPU
		{48F0C604-150C-4CEF-A86B-679EDA0EEA8F}.Debug|Any CPU.Build.0 = Debug|Any CPU
		{48F0C604-150C-4CEF-A86B-679EDA0EEA8F}.Release|Any CPU.ActiveCfg = Release|Any CPU
		{48F0C604-150C-4CEF-A86B-679EDA0EEA8F}.Release|Any CPU.Build.0 = Release|Any CPU
		{1E77E2FE-0949-453E-8366-1B9150968893}.Debug|Any CPU.ActiveCfg = Debug|Any CPU
		{1E77E2FE-0949-453E-8366-1B9150968893}.Debug|Any CPU.Build.0 = Debug|Any CPU
		{1E77E2FE-0949-453E-8366-1B9150968893}.Release|Any CPU.ActiveCfg = Release|Any CPU
		{1E77E2FE-0949-453E-8366-1B9150968893}.Release|Any CPU.Build.0 = Release|Any CPU
		{1DAC7CA0-7F91-42DA-B319-BA475605ADED}.Debug|Any CPU.ActiveCfg = Debug|Any CPU
		{1DAC7CA0-7F91-42DA-B319-BA475605ADED}.Debug|Any CPU.Build.0 = Debug|Any CPU
		{1DAC7CA0-7F91-42DA-B319-BA475605ADED}.Release|Any CPU.ActiveCfg = Release|Any CPU
		{1DAC7CA0-7F91-42DA-B319-BA475605ADED}.Release|Any CPU.Build.0 = Release|Any CPU
		{9CF56A2B-8449-48E7-97F9-9BA7EFAFFE2F}.Debug|Any CPU.ActiveCfg = Debug|Any CPU
		{9CF56A2B-8449-48E7-97F9-9BA7EFAFFE2F}.Debug|Any CPU.Build.0 = Debug|Any CPU
		{9CF56A2B-8449-48E7-97F9-9BA7EFAFFE2F}.Release|Any CPU.ActiveCfg = Release|Any CPU
		{9CF56A2B-8449-48E7-97F9-9BA7EFAFFE2F}.Release|Any CPU.Build.0 = Release|Any CPU
		{CF7E402F-818A-4D92-A788-1A8532B36A45}.Debug|Any CPU.ActiveCfg = Debug|Any CPU
		{CF7E402F-818A-4D92-A788-1A8532B36A45}.Debug|Any CPU.Build.0 = Debug|Any CPU
		{CF7E402F-818A-4D92-A788-1A8532B36A45}.Release|Any CPU.ActiveCfg = Release|Any CPU
		{CF7E402F-818A-4D92-A788-1A8532B36A45}.Release|Any CPU.Build.0 = Release|Any CPU
		{8422B0BB-2EF4-4E85-B99D-46E54B130C33}.Debug|Any CPU.ActiveCfg = Debug|Any CPU
		{8422B0BB-2EF4-4E85-B99D-46E54B130C33}.Debug|Any CPU.Build.0 = Debug|Any CPU
		{8422B0BB-2EF4-4E85-B99D-46E54B130C33}.Release|Any CPU.ActiveCfg = Release|Any CPU
		{8422B0BB-2EF4-4E85-B99D-46E54B130C33}.Release|Any CPU.Build.0 = Release|Any CPU
		{AFF62452-00AE-49E6-8F7C-C2DE7F7F2E47}.Debug|Any CPU.ActiveCfg = Debug|Any CPU
		{AFF62452-00AE-49E6-8F7C-C2DE7F7F2E47}.Debug|Any CPU.Build.0 = Debug|Any CPU
		{AFF62452-00AE-49E6-8F7C-C2DE7F7F2E47}.Release|Any CPU.ActiveCfg = Release|Any CPU
		{AFF62452-00AE-49E6-8F7C-C2DE7F7F2E47}.Release|Any CPU.Build.0 = Release|Any CPU
	EndGlobalSection
	GlobalSection(SolutionProperties) = preSolution
		HideSolutionNode = FALSE
	EndGlobalSection
	GlobalSection(NestedProjects) = preSolution
		{B8D1ABA0-065B-4E6E-A41B-446B42E13FAE} = {80EFF5FA-B2B7-4FEC-A367-6CFE9CC523B2}
		{780A21DB-C5DB-4587-A338-431AE45B2850} = {B8D1ABA0-065B-4E6E-A41B-446B42E13FAE}
		{F3C5E7E0-534E-4938-87B7-2C8F86DF4B12} = {80EFF5FA-B2B7-4FEC-A367-6CFE9CC523B2}
		{747E1947-6D7B-4FE9-9FF1-CBE91608223E} = {F3C5E7E0-534E-4938-87B7-2C8F86DF4B12}
		{043F30D4-3888-47B0-AE8C-F94C3152A787} = {80EFF5FA-B2B7-4FEC-A367-6CFE9CC523B2}
		{48F0C604-150C-4CEF-A86B-679EDA0EEA8F} = {043F30D4-3888-47B0-AE8C-F94C3152A787}
		{B7B3361D-0817-42A5-B1BC-1A2C42A0A355} = {80EFF5FA-B2B7-4FEC-A367-6CFE9CC523B2}
		{1E77E2FE-0949-453E-8366-1B9150968893} = {B7B3361D-0817-42A5-B1BC-1A2C42A0A355}
		{1DAC7CA0-7F91-42DA-B319-BA475605ADED} = {B7B3361D-0817-42A5-B1BC-1A2C42A0A355}
		{9CF56A2B-8449-48E7-97F9-9BA7EFAFFE2F} = {B7B3361D-0817-42A5-B1BC-1A2C42A0A355}
		{CF7E402F-818A-4D92-A788-1A8532B36A45} = {B7B3361D-0817-42A5-B1BC-1A2C42A0A355}
		{2FE4CB74-AB6F-40C9-BA67-E419B8BD77EF} = {80EFF5FA-B2B7-4FEC-A367-6CFE9CC523B2}
		{8422B0BB-2EF4-4E85-B99D-46E54B130C33} = {2FE4CB74-AB6F-40C9-BA67-E419B8BD77EF}
		{1ACF0C89-14DC-42C4-BA1D-534248436C67} = {80EFF5FA-B2B7-4FEC-A367-6CFE9CC523B2}
		{AFF62452-00AE-49E6-8F7C-C2DE7F7F2E47} = {1ACF0C89-14DC-42C4-BA1D-534248436C67}
	EndGlobalSection
	GlobalSection(ExtensibilityGlobals) = postSolution
		SolutionGuid = {83A5DF80-63C7-4C27-97DB-D39272DF63F1}
	EndGlobalSection
EndGlobal
