
Microsoft Visual Studio Solution File, Format Version 12.00
# Visual Studio Version 16
VisualStudioVersion = 16.0.30011.22
MinimumVisualStudioVersion = 10.0.40219.1
Project("{2150E333-8FDC-42A3-9474-1A3956D46DE8}") = "src", "src", "{80EFF5FA-B2B7-4FEC-A367-6CFE9CC523B2}"
EndProject
Project("{2150E333-8FDC-42A3-9474-1A3956D46DE8}") = "Catalog", "Catalog", "{B8D1ABA0-065B-4E6E-A41B-446B42E13FAE}"
EndProject
Project("{FAE04EC0-301F-11D3-BF4B-00C04F79EFBC}") = "Catalog.API", "src\Catalog\Catalog.API\Catalog.API.csproj", "{780A21DB-C5DB-4587-A338-431AE45B2850}"
EndProject
Global
	GlobalSection(SolutionConfigurationPlatforms) = preSolution
		Debug|Any CPU = Debug|Any CPU
		Release|Any CPU = Release|Any CPU
	EndGlobalSection
	GlobalSection(ProjectConfigurationPlatforms) = postSolution
		{780A21DB-C5DB-4587-A338-431AE45B2850}.Debug|Any CPU.ActiveCfg = Debug|Any CPU
		{780A21DB-C5DB-4587-A338-431AE45B2850}.Debug|Any CPU.Build.0 = Debug|Any CPU
		{780A21DB-C5DB-4587-A338-431AE45B2850}.Release|Any CPU.ActiveCfg = Release|Any CPU
		{780A21DB-C5DB-4587-A338-431AE45B2850}.Release|Any CPU.Build.0 = Release|Any CPU
	EndGlobalSection
	GlobalSection(SolutionProperties) = preSolution
		HideSolutionNode = FALSE
	EndGlobalSection
	GlobalSection(NestedProjects) = preSolution
		{B8D1ABA0-065B-4E6E-A41B-446B42E13FAE} = {80EFF5FA-B2B7-4FEC-A367-6CFE9CC523B2}
		{780A21DB-C5DB-4587-A338-431AE45B2850} = {B8D1ABA0-065B-4E6E-A41B-446B42E13FAE}
	EndGlobalSection
	GlobalSection(ExtensibilityGlobals) = postSolution
		SolutionGuid = {83A5DF80-63C7-4C27-97DB-D39272DF63F1}
	EndGlobalSection
EndGlobal
